<?xml version="1.0" encoding="utf-8"?>
<Project ToolsVersion="4.0" xmlns="http://schemas.microsoft.com/developer/msbuild/2003">
  <ItemGroup>
    <Filter Include="Source Files">
      <UniqueIdentifier>{4FC737F1-C7A5-4376-A066-2A32D752A2FF}</UniqueIdentifier>
      <Extensions>cpp;c;cc;cxx;c++;cppm;ixx;def;odl;idl;hpj;bat;asm;asmx</Extensions>
    </Filter>
    <Filter Include="Header Files">
      <UniqueIdentifier>{93995380-89BD-4b04-88EB-625FBE52EBFB}</UniqueIdentifier>
      <Extensions>h;hh;hpp;hxx;h++;hm;inl;inc;ipp;xsd</Extensions>
    </Filter>
    <Filter Include="Resource Files">
      <UniqueIdentifier>{67DA6AB6-F800-4c08-8B7A-83BB121AAD01}</UniqueIdentifier>
      <Extensions>rc;ico;cur;bmp;dlg;rc2;rct;bin;rgs;gif;jpg;jpeg;jpe;resx;tiff;tif;png;wav;mfcribbon-ms</Extensions>
    </Filter>
    <Filter Include="FactoryHeaders">
      <UniqueIdentifier>{eee23cad-3878-4414-8288-3488d126b1b0}</UniqueIdentifier>
    </Filter>
    <Filter Include="FactorySource">
      <UniqueIdentifier>{8b79c161-3753-4cf8-a523-6a76693988ce}</UniqueIdentifier>
    </Filter>
    <Filter Include="Common">
      <UniqueIdentifier>{190e5038-209e-4d56-806c-2c97d7248dd0}</UniqueIdentifier>
    </Filter>
  </ItemGroup>
  <ItemGroup>
    <ClCompile Include="Utils\include\factoryUtils\WindowsMessageMap.cpp">
      <Filter>FactorySource</Filter>
    </ClCompile>
    <ClCompile Include="Utils\include\factoryUtils\Mouse.cpp">
      <Filter>FactorySource</Filter>
    </ClCompile>
    <ClCompile Include="Utils\include\factoryUtils\Window.cpp">
      <Filter>FactorySource</Filter>
    </ClCompile>
    <ClCompile Include="Utils\include\factoryUtils\Keyboard.cpp">
      <Filter>FactorySource</Filter>
    </ClCompile>
    <ClCompile Include="Utils\include\factoryUtils\DxgiInfoManager.cpp">
      <Filter>FactorySource</Filter>
    </ClCompile>
    <ClCompile Include="Utils\include\factoryUtils\dxerr.cpp">
      <Filter>FactorySource</Filter>
    </ClCompile>
    <ClCompile Include="Utils\include\factoryUtils\SudoTimer.cpp">
      <Filter>FactorySource</Filter>
    </ClCompile>
    <ClCompile Include="Utils\include\factoryUtils\SudoException.cpp">
      <Filter>FactorySource</Filter>
    </ClCompile>
    <ClCompile Include="Utils\include\factoryUtils\SudoGraphicsCore.cpp">
      <Filter>FactorySource</Filter>
    </ClCompile>
    <ClCompile Include="Utils\include\factoryUtils\d3dUtil.cpp">
      <Filter>FactorySource</Filter>
    </ClCompile>
    <ClCompile Include="common\MathHelper.cpp">
      <Filter>FactorySource</Filter>
    </ClCompile>
  </ItemGroup>
  <ItemGroup>
    <ClInclude Include="Utils\include\factoryUtils\dxerr.h">
      <Filter>FactoryHeaders</Filter>
    </ClInclude>
    <ClInclude Include="Utils\include\factoryUtils\DxgiInfoManager.h">
      <Filter>FactoryHeaders</Filter>
    </ClInclude>
    <ClInclude Include="Utils\include\factoryUtils\Keyboard.h">
      <Filter>FactoryHeaders</Filter>
    </ClInclude>
    <ClInclude Include="Utils\include\factoryUtils\Mouse.h">
      <Filter>FactoryHeaders</Filter>
    </ClInclude>
    <ClInclude Include="Utils\include\factoryUtils\SudoException.h">
      <Filter>FactoryHeaders</Filter>
    </ClInclude>
    <ClInclude Include="Utils\include\factoryUtils\SudoTimer.h">
      <Filter>FactoryHeaders</Filter>
    </ClInclude>
    <ClInclude Include="Utils\include\factoryUtils\SudoWin.h">
      <Filter>FactoryHeaders</Filter>
    </ClInclude>
    <ClInclude Include="Utils\include\factoryUtils\Window.h">
      <Filter>FactoryHeaders</Filter>
    </ClInclude>
    <ClInclude Include="Utils\include\factoryUtils\WindowsMessageMap.h">
      <Filter>FactoryHeaders</Filter>
    </ClInclude>
    <ClInclude Include="Utils\include\factoryUtils\d3dUtil.h">
      <Filter>FactoryHeaders</Filter>
    </ClInclude>
    <ClInclude Include="Utils\include\D3DHeaders.h">
      <Filter>FactoryHeaders</Filter>
    </ClInclude>
    <ClInclude Include="common\SudoGraphicsCore.h">
      <Filter>Common</Filter>
    </ClInclude>
    <ClInclude Include="common\UploadBuffer.h">
      <Filter>Common</Filter>
    </ClInclude>
    <ClInclude Include="common\MathHelper.h">
      <Filter>Common</Filter>
    </ClInclude>
  </ItemGroup>
  <ItemGroup>
    <None Include="Utils\include\factoryUtils\DXGetErrorString.inl">
      <Filter>FactoryHeaders</Filter>
    </None>
    <None Include="Utils\include\factoryUtils\DXTrace.inl">
      <Filter>FactoryHeaders</Filter>
    </None>
    <None Include="Utils\include\factoryUtils\DXGetErrorDescription.inl">
      <Filter>FactoryHeaders</Filter>
    </None>
  </ItemGroup>
  <ItemGroup>
    <Image Include="Utils\include\factoryUtils\halloween.ico">
      <Filter>Resource Files</Filter>
    </Image>
  </ItemGroup>
  <ItemGroup>
    <ResourceCompile Include="Utils\include\factoryUtils\sudogamer.rc">
      <Filter>Resource Files</Filter>
    </ResourceCompile>
  </ItemGroup>
</Project>